Microsoft Visual Studio Solution File, Format Version 12.00
# Visual Studio 2012
Project("{FAE04EC0-301F-11D3-BF4B-00C04F79EFBC}") = "AlbertaGameJam2026_Plaftformer", "AlbertaGameJam2026_Plaftformer.csproj", "{25EA970A-8DE6-4761-9C5D-00BB056846E9}"
EndProject
Global
	GlobalSection(SolutionConfigurationPlatforms) = preSolution
	Debug|Any CPU = Debug|Any CPU
	ExportDebug|Any CPU = ExportDebug|Any CPU
	ExportRelease|Any CPU = ExportRelease|Any CPU
	EndGlobalSection
	GlobalSection(ProjectConfigurationPlatforms) = postSolution
		{25EA970A-8DE6-4761-9C5D-00BB056846E9}.Debug|Any CPU.ActiveCfg = Debug|Any CPU
		{25EA970A-8DE6-4761-9C5D-00BB056846E9}.Debug|Any CPU.Build.0 = Debug|Any CPU
		{25EA970A-8DE6-4761-9C5D-00BB056846E9}.ExportDebug|Any CPU.ActiveCfg = ExportDebug|Any CPU
		{25EA970A-8DE6-4761-9C5D-00BB056846E9}.ExportDebug|Any CPU.Build.0 = ExportDebug|Any CPU
		{25EA970A-8DE6-4761-9C5D-00BB056846E9}.ExportRelease|Any CPU.ActiveCfg = ExportRelease|Any CPU
		{25EA970A-8DE6-4761-9C5D-00BB056846E9}.ExportRelease|Any CPU.Build.0 = ExportRelease|Any CPU
	EndGlobalSection
EndGlobal
